// !$*UTF8*$!
{
	archiveVersion = 1;
	classes = {
	};
	objectVersion = 46;
	objects = {

/* Begin PBXBuildFile section */
		C05DC69A1DE2ED5B0033DEF9 /* AppDelegate.swift in Sources */ = {isa = PBXBuildFile; fileRef = C05DC6991DE2ED5B0033DEF9 /* AppDelegate.swift */; };
		C05DC69C1DE2ED5B0033DEF9 /* ViewController.swift in Sources */ = {isa = PBXBuildFile; fileRef = C05DC69B1DE2ED5B0033DEF9 /* ViewController.swift */; };
		C05DC69F1DE2ED5B0033DEF9 /* Main.storyboard in Resources */ = {isa = PBXBuildFile; fileRef = C05DC69D1DE2ED5B0033DEF9 /* Main.storyboard */; };
		C05DC6A21DE2ED5B0033DEF9 /* myRuler.xcdatamodeld in Sources */ = {isa = PBXBuildFile; fileRef = C05DC6A01DE2ED5B0033DEF9 /* myRuler.xcdatamodeld */; };
		C05DC6A41DE2ED5B0033DEF9 /* Assets.xcassets in Resources */ = {isa = PBXBuildFile; fileRef = C05DC6A31DE2ED5B0033DEF9 /* Assets.xcassets */; };
		C05DC6A71DE2ED5B0033DEF9 /* LaunchScreen.storyboard in Resources */ = {isa = PBXBuildFile; fileRef = C05DC6A51DE2ED5B0033DEF9 /* LaunchScreen.storyboard */; };
/* End PBXBuildFile section */

/* Begin PBXFileReference section */
		C05DC6961DE2ED5B0033DEF9 /* myRuler.app */ = {isa = PBXFileReference; explicitFileType = wrapper.application; includeInIndex = 0; path = myRuler.app; sourceTree = BUILT_PRODUCTS_DIR; };
		C05DC6991DE2ED5B0033DEF9 /* AppDelegate.swift */ = {isa = PBXFileReference; lastKnownFileType = sourcecode.swift; path = AppDelegate.swift; sourceTree = "<group>"; };
		C05DC69B1DE2ED5B0033DEF9 /* ViewController.swift */ = {isa = PBXFileReference; lastKnownFileType = sourcecode.swift; path = ViewController.swift; sourceTree = "<group>"; };
		C05DC69E1DE2ED5B0033DEF9 /* Base */ = {isa = PBXFileReference; lastKnownFileType = file.storyboard; name = Base; path = Base.lproj/Main.storyboard; sourceTree = "<group>"; };
		C05DC6A11DE2ED5B0033DEF9 /* myRuler.xcdatamodel */ = {isa = PBXFileReference; lastKnownFileType = wrapper.xcdatamodel; path = myRuler.xcdatamodel; sourceTree = "<group>"; };
		C05DC6A31DE2ED5B0033DEF9 /* Assets.xcassets */ = {isa = PBXFileReference; lastKnownFileType = folder.assetcatalog; path = Assets.xcassets; sourceTree = "<group>"; };
		C05DC6A61DE2ED5B0033DEF9 /* Base */ = {isa = PBXFileReference; lastKnownFileType = file.storyboard; name = Base; path = Base.lproj/LaunchScreen.storyboard; sourceTree = "<group>"; };
		C05DC6A81DE2ED5B0033DEF9 /* Info.plist */ = {isa = PBXFileReference; lastKnownFileType = text.plist.xml; path = Info.plist; sourceTree = "<group>"; };
/* End PBXFileReference section */

/* Begin PBXFrameworksBuildPhase section */
		C05DC6931DE2ED5B0033DEF9 /* Frameworks */ = {
			isa = PBXFrameworksBuildPhase;
			buildActionMask = 2147483647;
			files = (
			);
			runOnlyForDeploymentPostprocessing = 0;
		};
/* End PBXFrameworksBuildPhase section */

/* Begin PBXGroup section */
		C05DC68D1DE2ED5B0033DEF9 = {
			isa = PBXGroup;
			children = (
				C05DC6981DE2ED5B0033DEF9 /* myRuler */,
				C05DC6971DE2ED5B0033DEF9 /* Products */,
			);
			sourceTree = "<group>";
		};
		C05DC6971DE2ED5B0033DEF9 /* Products */ = {
			isa = PBXGroup;
			children = (
				C05DC6961DE2ED5B0033DEF9 /* myRuler.app */,
			);
			name = Products;
			sourceTree = "<group>";
		};
		C05DC6981DE2ED5B0033DEF9 /* myRuler */ = {
			isa = PBXGroup;
			children = (
				C05DC6991DE2ED5B0033DEF9 /* AppDelegate.swift */,
				C05DC69B1DE2ED5B0033DEF9 /* ViewController.swift */,
				C05DC69D1DE2ED5B0033DEF9 /* Main.storyboard */,
				C05DC6A31DE2ED5B0033DEF9 /* Assets.xcassets */,
				C05DC6A51DE2ED5B0033DEF9 /* LaunchScreen.storyboard */,
				C05DC6A81DE2ED5B0033DEF9 /* Info.plist */,
				C05DC6A01DE2ED5B0033DEF9 /* myRuler.xcdatamodeld */,
			);
			path = myRuler;
			sourceTree = "<group>";
		};
/* End PBXGroup section */

/* Begin PBXNativeTarget section */
		C05DC6951DE2ED5B0033DEF9 /* myRuler */ = {
			isa = PBXNativeTarget;
			buildConfigurationList = C05DC6AB1DE2ED5B0033DEF9 /* Build configuration list for PBXNativeTarget "myRuler" */;
			buildPhases = (
				C05DC6921DE2ED5B0033DEF9 /* Sources */,
				C05DC6931DE2ED5B0033DEF9 /* Frameworks */,
				C05DC6941DE2ED5B0033DEF9 /* Resources */,
			);
			buildRules = (
			);
			dependencies = (
			);
			name = myRuler;
			productName = myRuler;
			productReference = C05DC6961DE2ED5B0033DEF9 /* myRuler.app */;
			productType = "com.apple.product-type.application";
		};
/* End PBXNativeTarget section */

/* Begin PBXProject section */
		C05DC68E1DE2ED5B0033DEF9 /* Project object */ = {
			isa = PBXProject;
			attributes = {
				LastSwiftUpdateCheck = 0730;
				LastUpgradeCheck = 0730;
				ORGANIZATIONNAME = "Kochi Lin";
				TargetAttributes = {
					C05DC6951DE2ED5B0033DEF9 = {
						CreatedOnToolsVersion = 7.3.1;
						DevelopmentTeam = 85C4549AQH;
					};
				};
			};
			buildConfigurationList = C05DC6911DE2ED5B0033DEF9 /* Build configuration list for PBXProject "myRuler" */;
			compatibilityVersion = "Xcode 3.2";
			developmentRegion = English;
			hasScannedForEncodings = 0;
			knownRegions = (
				en,
				Base,
			);
			mainGroup = C05DC68D1DE2ED5B0033DEF9;
			productRefGroup = C05DC6971DE2ED5B0033DEF9 /* Products */;
			projectDirPath = "";
			projectRoot = "";
			targets = (
				C05DC6951DE2ED5B0033DEF9 /* myRuler */,
			);
		};
/* End PBXProject section */

/* Begin PBXResourcesBuildPhase section */
		C05DC6941DE2ED5B0033DEF9 /* Resources */ = {
			isa = PBXResourcesBuildPhase;
			buildActionMask = 2147483647;
			files = (
				C05DC6A71DE2ED5B0033DEF9 /* LaunchScreen.storyboard in Resources */,
				C05DC6A41DE2ED5B0033DEF9 /* Assets.xcassets in Resources */,
				C05DC69F1DE2ED5B0033DEF9 /* Main.storyboard in Resources */,
			);
			runOnlyForDeploymentPostprocessing = 0;
		};
/* End PBXResourcesBuildPhase section */

/* Begin PBXSourcesBuildPhase section */
		C05DC6921DE2ED5B0033DEF9 /* Sources */ = {
			isa = PBXSourcesBuildPhase;
			buildActionMask = 2147483647;
			files = (
				C05DC69C1DE2ED5B0033DEF9 /* ViewController.swift in Sources */,
				C05DC6A21DE2ED5B0033DEF9 /* myRuler.xcdatamodeld in Sources */,
				C05DC69A1DE2ED5B0033DEF9 /* AppDelegate.swift in Sources */,
			);
			runOnlyForDeploymentPostprocessing = 0;
		};
/* End PBXSourcesBuildPhase section */

/* Begin PBXVariantGroup section */
		C05DC69D1DE2ED5B0033DEF9 /* Main.storyboard */ = {
			isa = PBXVariantGroup;
			children = (
				C05DC69E1DE2ED5B0033DEF9 /* Base */,
			);
			name = Main.storyboard;
			sourceTree = "<group>";
		};
		C05DC6A51DE2ED5B0033DEF9 /* LaunchScreen.storyboard */ = {
			isa = PBXVariantGroup;
			children = (
				C05DC6A61DE2ED5B0033DEF9 /* Base */,
			);
			name = LaunchScreen.storyboard;
			sourceTree = "<group>";
		};
/* End PBXVariantGroup section */

/* Begin XCBuildConfiguration section */
		C05DC6A91DE2ED5B0033DEF9 /* Debug */ = {
			isa = XCBuildConfiguration;
			buildSettings = {
				ALWAYS_SEARCH_USER_PATHS = NO;
				CLANG_ANALYZER_NONNULL = YES;
				CLANG_CXX_LANGUAGE_STANDARD = "gnu++0x";
				CLANG_CXX_LIBRARY = "libc++";
				CLANG_ENABLE_MODULES = YES;
				CLANG_ENABLE_OBJC_ARC = YES;
				CLANG_WARN_BOOL_CONVERSION = YES;
				CLANG_WARN_CONSTANT_CONVERSION = YES;
				CLANG_WARN_DIRECT_OBJC_ISA_USAGE = YES_ERROR;
				CLANG_WARN_EMPTY_BODY = YES;
				CLANG_WARN_ENUM_CONVERSION = YES;
				CLANG_WARN_INT_CONVERSION = YES;
				CLANG_WARN_OBJC_ROOT_CLASS = YES_ERROR;
				CLANG_WARN_UNREACHABLE_CODE = YES;
				CLANG_WARN__DUPLICATE_METHOD_MATCH = YES;
				"CODE_SIGN_IDENTITY[sdk=iphoneos*]" = "iPhone Developer";
				COPY_PHASE_STRIP = NO;
				DEBUG_INFORMATION_FORMAT = dwarf;
				ENABLE_STRICT_OBJC_MSGSEND = YES;
				ENABLE_TESTABILITY = YES;
				GCC_C_LANGUAGE_STANDARD = gnu99;
				GCC_DYNAMIC_NO_PIC = NO;
				GCC_NO_COMMON_BLOCKS = YES;
				GCC_OPTIMIZATION_LEVEL = 0;
				GCC_PREPROCESSOR_DEFINITIONS = (
					"DEBUG=1",
					"$(inherited)",
				);
				GCC_WARN_64_TO_32_BIT_CONVERSION = YES;
				GCC_WARN_ABOUT_RETURN_TYPE = YES_ERROR;
				GCC_WARN_UNDECLARED_SELECTOR = YES;
				GCC_WARN_UNINITIALIZED_AUTOS = YES_AGGRESSIVE;
				GCC_WARN_UNUSED_FUNCTION = YES;
				GCC_WARN_UNUSED_VARIABLE = YES;
				IPHONEOS_DEPLOYMENT_TARGET = 9.3;
				MTL_ENABLE_DEBUG_INFO = YES;
				ONLY_ACTIVE_ARCH = YES;
				SDKROOT = iphoneos;
				SWIFT_OPTIMIZATION_LEVEL = "-Onone";
			};
			name = Debug;
		};
		C05DC6AA1DE2ED5B0033DEF9 /* Release */ = {
			isa = XCBuildConfiguration;
			buildSettings = {
				ALWAYS_SEARCH_USER_PATHS = NO;
				CLANG_ANALYZER_NONNULL = YES;
				CLANG_CXX_LANGUAGE_STANDARD = "gnu++0x";
				CLANG_CXX_LIBRARY = "libc++";
				CLANG_ENABLE_MODULES = YES;
				CLANG_ENABLE_OBJC_ARC = YES;
				CLANG_WARN_BOOL_CONVERSION = YES;
				CLANG_WARN_CONSTANT_CONVERSION = YES;
				CLANG_WARN_DIRECT_OBJC_ISA_USAGE = YES_ERROR;
				CLANG_WARN_EMPTY_BODY = YES;
				CLANG_WARN_ENUM_CONVERSION = YES;
				CLANG_WARN_INT_CONVERSION = YES;
				CLANG_WARN_OBJC_ROOT_CLASS = YES_ERROR;
				CLANG_WARN_UNREACHABLE_CODE = YES;
				CLANG_WARN__DUPLICATE_METHOD_MATCH = YES;
				"CODE_SIGN_IDENTITY[sdk=iphoneos*]" = "iPhone Developer";
				COPY_PHASE_STRIP = NO;
				DEBUG_INFORMATION_FORMAT = "dwarf-with-dsym";
				ENABLE_NS_ASSERTIONS = NO;
				ENABLE_STRICT_OBJC_MSGSEND = YES;
				GCC_C_LANGUAGE_STANDARD = gnu99;
				GCC_NO_COMMON_BLOCKS = YES;
				GCC_WARN_64_TO_32_BIT_CONVERSION = YES;
				GCC_WARN_ABOUT_RETURN_TYPE = YES_ERROR;
				GCC_WARN_UNDECLARED_SELECTOR = YES;
				GCC_WARN_UNINITIALIZED_AUTOS = YES_AGGRESSIVE;
				GCC_WARN_UNUSED_FUNCTION = YES;
				GCC_WARN_UNUSED_VARIABLE = YES;
				IPHONEOS_DEPLOYMENT_TARGET = 9.3;
				MTL_ENABLE_DEBUG_INFO = NO;
				SDKROOT = iphoneos;
				VALIDATE_PRODUCT = YES;
			};
			name = Release;
		};
		C05DC6AC1DE2ED5B0033DEF9 /* Debug */ = {
			isa = XCBuildConfiguration;
			buildSettings = {
				ASSETCATALOG_COMPILER_APPICON_NAME = AppIcon;
				INFOPLIST_FILE = myRuler/Info.plist;
				LD_RUNPATH_SEARCH_PATHS = "$(inherited) @executable_path/Frameworks";
				PRODUCT_BUNDLE_IDENTIFIER = com.kitrev.myRuler;
				PRODUCT_NAME = "$(TARGET_NAME)";
			};
			name = Debug;
		};
		C05DC6AD1DE2ED5B0033DEF9 /* Release */ = {
			isa = XCBuildConfiguration;
			buildSettings = {
				ASSETCATALOG_COMPILER_APPICON_NAME = AppIcon;
				INFOPLIST_FILE = myRuler/Info.plist;
				LD_RUNPATH_SEARCH_PATHS = "$(inherited) @executable_path/Frameworks";
				PRODUCT_BUNDLE_IDENTIFIER = com.kitrev.myRuler;
				PRODUCT_NAME = "$(TARGET_NAME)";
			};
			name = Release;
		};
/* End XCBuildConfiguration section */

/* Begin XCConfigurationList section */
		C05DC6911DE2ED5B0033DEF9 /* Build configuration list for PBXProject "myRuler" */ = {
			isa = XCConfigurationList;
			buildConfigurations = (
				C05DC6A91DE2ED5B0033DEF9 /* Debug */,
				C05DC6AA1DE2ED5B0033DEF9 /* Release */,
			);
			defaultConfigurationIsVisible = 0;
			defaultConfigurationName = Release;
		};
		C05DC6AB1DE2ED5B0033DEF9 /* Build configuration list for PBXNativeTarget "myRuler" */ = {
			isa = XCConfigurationList;
			buildConfigurations = (
				C05DC6AC1DE2ED5B0033DEF9 /* Debug */,
				C05DC6AD1DE2ED5B0033DEF9 /* Release */,
			);
			defaultConfigurationIsVisible = 0;
		};
/* End XCConfigurationList section */

/* Begin XCVersionGroup section */
		C05DC6A01DE2ED5B0033DEF9 /* myRuler.xcdatamodeld */ = {
			isa = XCVersionGroup;
			children = (
				C05DC6A11DE2ED5B0033DEF9 /* myRuler.xcdatamodel */,
			);
			currentVersion = C05DC6A11DE2ED5B0033DEF9 /* myRuler.xcdatamodel */;
			path = myRuler.xcdatamodeld;
			sourceTree = "<group>";
			versionGroupType = wrapper.xcdatamodel;
		};
/* End XCVersionGroup section */
	};
	rootObject = C05DC68E1DE2ED5B0033DEF9 /* Project object */;
}
